
Microsoft Visual Studio Solution File, Format Version 12.00
# Visual Studio Version 17
VisualStudioVersion = 17.3.32929.385
MinimumVisualStudioVersion = 10.0.40219.1
Project("{FAE04EC0-301F-11D3-BF4B-00C04F79EFBC}") = "Gallery", "Gallery\Gallery.csproj", "{17ADE4A4-9D69-4EDB-8437-D36A24EC6C6C}"
EndProject
Global
	GlobalSection(SolutionConfigurationPlatforms) = preSolution
		Debug|Any CPU = Debug|Any CPU
		Release|Any CPU = Release|Any CPU
	EndGlobalSection
	GlobalSection(ProjectConfigurationPlatforms) = postSolution
		{17ADE4A4-9D69-4EDB-8437-D36A24EC6C6C}.Debug|Any CPU.ActiveCfg = Debug|Any CPU
		{17ADE4A4-9D69-4EDB-8437-D36A24EC6C6C}.Debug|Any CPU.Build.0 = Debug|Any CPU
		{17ADE4A4-9D69-4EDB-8437-D36A24EC6C6C}.Release|Any CPU.ActiveCfg = Release|Any CPU
		{17ADE4A4-9D69-4EDB-8437-D36A24EC6C6C}.Release|Any CPU.Build.0 = Release|Any CPU
	EndGlobalSection
	GlobalSection(SolutionProperties) = preSolution
		HideSolutionNode = FALSE
	EndGlobalSection
	GlobalSection(ExtensibilityGlobals) = postSolution
		SolutionGuid = {62D61242-CE3D-46EF-A891-8F5926316166}
	EndGlobalSection
EndGlobal
